// !$*UTF8*$!
{
	archiveVersion = 1;
	classes = {
	};
	objectVersion = 56;
	objects = {

/* Begin PBXBuildFile section */
		7B8172C92A3C042B006E94E8 /* Color.xcassets in Resources */ = {isa = PBXBuildFile; fileRef = 7B8172C82A3C042B006E94E8 /* Color.xcassets */; };
		7B8172CB2A3C0D38006E94E8 /* Localizable.strings in Resources */ = {isa = PBXBuildFile; fileRef = 7B8172CA2A3C0D38006E94E8 /* Localizable.strings */; };
		7B8D58F42A3AAB2F008FA6B4 /* AppDelegate.swift in Sources */ = {isa = PBXBuildFile; fileRef = 7B8D58F32A3AAB2F008FA6B4 /* AppDelegate.swift */; };
		7B8D58F62A3AAB2F008FA6B4 /* SceneDelegate.swift in Sources */ = {isa = PBXBuildFile; fileRef = 7B8D58F52A3AAB2F008FA6B4 /* SceneDelegate.swift */; };
		7B8D58FD2A3AAB31008FA6B4 /* Assets.xcassets in Resources */ = {isa = PBXBuildFile; fileRef = 7B8D58FC2A3AAB31008FA6B4 /* Assets.xcassets */; };
		7B8D59002A3AAB31008FA6B4 /* LaunchScreen.storyboard in Resources */ = {isa = PBXBuildFile; fileRef = 7B8D58FE2A3AAB31008FA6B4 /* LaunchScreen.storyboard */; };
		7B8D590E2A3AAD23008FA6B4 /* DogsPresenter.swift in Sources */ = {isa = PBXBuildFile; fileRef = 7B8D59082A3AAD23008FA6B4 /* DogsPresenter.swift */; };
		7B8D590F2A3AAD23008FA6B4 /* DogsRouter.swift in Sources */ = {isa = PBXBuildFile; fileRef = 7B8D59092A3AAD23008FA6B4 /* DogsRouter.swift */; };
		7B8D59102A3AAD23008FA6B4 /* DogsInteractor.swift in Sources */ = {isa = PBXBuildFile; fileRef = 7B8D590A2A3AAD23008FA6B4 /* DogsInteractor.swift */; };
		7B8D59112A3AAD23008FA6B4 /* DogsView.swift in Sources */ = {isa = PBXBuildFile; fileRef = 7B8D590B2A3AAD23008FA6B4 /* DogsView.swift */; };
		7B8D59122A3AAD23008FA6B4 /* DogsProtocol.swift in Sources */ = {isa = PBXBuildFile; fileRef = 7B8D590C2A3AAD23008FA6B4 /* DogsProtocol.swift */; };
		7B8D59132A3AAD23008FA6B4 /* DogsEntity.swift in Sources */ = {isa = PBXBuildFile; fileRef = 7B8D590D2A3AAD23008FA6B4 /* DogsEntity.swift */; };
		7B8D591C2A3AAE0C008FA6B4 /* DogsView.xib in Resources */ = {isa = PBXBuildFile; fileRef = 7B8D591B2A3AAE0C008FA6B4 /* DogsView.xib */; };
		7B8D591F2A3AAECA008FA6B4 /* BaseController.swift in Sources */ = {isa = PBXBuildFile; fileRef = 7B8D591E2A3AAECA008FA6B4 /* BaseController.swift */; };
		7B8D59212A3AB340008FA6B4 /* ProgressViewCustom.swift in Sources */ = {isa = PBXBuildFile; fileRef = 7B8D59202A3AB340008FA6B4 /* ProgressViewCustom.swift */; };
		7B8D59242A3AB4C8008FA6B4 /* loader.json in Resources */ = {isa = PBXBuildFile; fileRef = 7B8D59232A3AB4C8008FA6B4 /* loader.json */; };
		7B8D59272A3AB657008FA6B4 /* SwiftMessages in Frameworks */ = {isa = PBXBuildFile; productRef = 7B8D59262A3AB657008FA6B4 /* SwiftMessages */; };
		7B8D592A2A3AB6A4008FA6B4 /* Lottie in Frameworks */ = {isa = PBXBuildFile; productRef = 7B8D59292A3AB6A4008FA6B4 /* Lottie */; };
		7B8D592F2A3AB7C8008FA6B4 /* SwiftMessageCustom.swift in Sources */ = {isa = PBXBuildFile; fileRef = 7B8D592E2A3AB7C8008FA6B4 /* SwiftMessageCustom.swift */; };
		7B8D59322A3ABD07008FA6B4 /* Connection.swift in Sources */ = {isa = PBXBuildFile; fileRef = 7B8D59312A3ABD07008FA6B4 /* Connection.swift */; };
		7B8D59352A3ACC36008FA6B4 /* UserDefaults.swift in Sources */ = {isa = PBXBuildFile; fileRef = 7B8D59342A3ACC36008FA6B4 /* UserDefaults.swift */; };
		7B8D593A2A3ACFB3008FA6B4 /* DogCell.swift in Sources */ = {isa = PBXBuildFile; fileRef = 7B8D59382A3ACFB3008FA6B4 /* DogCell.swift */; };
		7B8D593C2A3AD11B008FA6B4 /* ImageLoader.swift in Sources */ = {isa = PBXBuildFile; fileRef = 7B8D593B2A3AD11B008FA6B4 /* ImageLoader.swift */; };
		7B8D593E2A3AD13E008FA6B4 /* UITableViewCell.swift in Sources */ = {isa = PBXBuildFile; fileRef = 7B8D593D2A3AD13E008FA6B4 /* UITableViewCell.swift */; };
		7B8D59402A3AD152008FA6B4 /* String.swift in Sources */ = {isa = PBXBuildFile; fileRef = 7B8D593F2A3AD152008FA6B4 /* String.swift */; };
		7B8D59422A3AD1B8008FA6B4 /* UIView.swift in Sources */ = {isa = PBXBuildFile; fileRef = 7B8D59412A3AD1B8008FA6B4 /* UIView.swift */; };
		7B8D59432A3AD41E008FA6B4 /* DogCell.xib in Resources */ = {isa = PBXBuildFile; fileRef = 7B8D59372A3ACFB3008FA6B4 /* DogCell.xib */; };
/* End PBXBuildFile section */

/* Begin PBXFileReference section */
		7B8172C82A3C042B006E94E8 /* Color.xcassets */ = {isa = PBXFileReference; lastKnownFileType = folder.assetcatalog; path = Color.xcassets; sourceTree = "<group>"; };
		7B8172CA2A3C0D38006E94E8 /* Localizable.strings */ = {isa = PBXFileReference; lastKnownFileType = text.plist.strings; path = Localizable.strings; sourceTree = "<group>"; };
		7B8D58F02A3AAB2F008FA6B4 /* TestTS4.app */ = {isa = PBXFileReference; explicitFileType = wrapper.application; includeInIndex = 0; path = TestTS4.app; sourceTree = BUILT_PRODUCTS_DIR; };
		7B8D58F32A3AAB2F008FA6B4 /* AppDelegate.swift */ = {isa = PBXFileReference; lastKnownFileType = sourcecode.swift; path = AppDelegate.swift; sourceTree = "<group>"; };
		7B8D58F52A3AAB2F008FA6B4 /* SceneDelegate.swift */ = {isa = PBXFileReference; lastKnownFileType = sourcecode.swift; path = SceneDelegate.swift; sourceTree = "<group>"; };
		7B8D58FC2A3AAB31008FA6B4 /* Assets.xcassets */ = {isa = PBXFileReference; lastKnownFileType = folder.assetcatalog; path = Assets.xcassets; sourceTree = "<group>"; };
		7B8D58FF2A3AAB31008FA6B4 /* Base */ = {isa = PBXFileReference; lastKnownFileType = file.storyboard; name = Base; path = Base.lproj/LaunchScreen.storyboard; sourceTree = "<group>"; };
		7B8D59012A3AAB31008FA6B4 /* Info.plist */ = {isa = PBXFileReference; lastKnownFileType = text.plist.xml; path = Info.plist; sourceTree = "<group>"; };
		7B8D59082A3AAD23008FA6B4 /* DogsPresenter.swift */ = {isa = PBXFileReference; lastKnownFileType = sourcecode.swift; path = DogsPresenter.swift; sourceTree = "<group>"; };
		7B8D59092A3AAD23008FA6B4 /* DogsRouter.swift */ = {isa = PBXFileReference; lastKnownFileType = sourcecode.swift; path = DogsRouter.swift; sourceTree = "<group>"; };
		7B8D590A2A3AAD23008FA6B4 /* DogsInteractor.swift */ = {isa = PBXFileReference; lastKnownFileType = sourcecode.swift; path = DogsInteractor.swift; sourceTree = "<group>"; };
		7B8D590B2A3AAD23008FA6B4 /* DogsView.swift */ = {isa = PBXFileReference; lastKnownFileType = sourcecode.swift; path = DogsView.swift; sourceTree = "<group>"; };
		7B8D590C2A3AAD23008FA6B4 /* DogsProtocol.swift */ = {isa = PBXFileReference; lastKnownFileType = sourcecode.swift; path = DogsProtocol.swift; sourceTree = "<group>"; };
		7B8D590D2A3AAD23008FA6B4 /* DogsEntity.swift */ = {isa = PBXFileReference; lastKnownFileType = sourcecode.swift; path = DogsEntity.swift; sourceTree = "<group>"; };
		7B8D591B2A3AAE0C008FA6B4 /* DogsView.xib */ = {isa = PBXFileReference; fileEncoding = 4; lastKnownFileType = file.xib; path = DogsView.xib; sourceTree = "<group>"; };
		7B8D591E2A3AAECA008FA6B4 /* BaseController.swift */ = {isa = PBXFileReference; lastKnownFileType = sourcecode.swift; path = BaseController.swift; sourceTree = "<group>"; };
		7B8D59202A3AB340008FA6B4 /* ProgressViewCustom.swift */ = {isa = PBXFileReference; lastKnownFileType = sourcecode.swift; path = ProgressViewCustom.swift; sourceTree = "<group>"; };
		7B8D59232A3AB4C8008FA6B4 /* loader.json */ = {isa = PBXFileReference; fileEncoding = 4; lastKnownFileType = text.json; path = loader.json; sourceTree = "<group>"; };
		7B8D592E2A3AB7C8008FA6B4 /* SwiftMessageCustom.swift */ = {isa = PBXFileReference; lastKnownFileType = sourcecode.swift; path = SwiftMessageCustom.swift; sourceTree = "<group>"; };
		7B8D59312A3ABD07008FA6B4 /* Connection.swift */ = {isa = PBXFileReference; lastKnownFileType = sourcecode.swift; path = Connection.swift; sourceTree = "<group>"; };
		7B8D59342A3ACC36008FA6B4 /* UserDefaults.swift */ = {isa = PBXFileReference; lastKnownFileType = sourcecode.swift; path = UserDefaults.swift; sourceTree = "<group>"; };
		7B8D59372A3ACFB3008FA6B4 /* DogCell.xib */ = {isa = PBXFileReference; fileEncoding = 4; lastKnownFileType = file.xib; path = DogCell.xib; sourceTree = "<group>"; };
		7B8D59382A3ACFB3008FA6B4 /* DogCell.swift */ = {isa = PBXFileReference; fileEncoding = 4; lastKnownFileType = sourcecode.swift; path = DogCell.swift; sourceTree = "<group>"; };
		7B8D593B2A3AD11B008FA6B4 /* ImageLoader.swift */ = {isa = PBXFileReference; lastKnownFileType = sourcecode.swift; path = ImageLoader.swift; sourceTree = "<group>"; };
		7B8D593D2A3AD13E008FA6B4 /* UITableViewCell.swift */ = {isa = PBXFileReference; lastKnownFileType = sourcecode.swift; path = UITableViewCell.swift; sourceTree = "<group>"; };
		7B8D593F2A3AD152008FA6B4 /* String.swift */ = {isa = PBXFileReference; lastKnownFileType = sourcecode.swift; path = String.swift; sourceTree = "<group>"; };
		7B8D59412A3AD1B8008FA6B4 /* UIView.swift */ = {isa = PBXFileReference; lastKnownFileType = sourcecode.swift; path = UIView.swift; sourceTree = "<group>"; };
/* End PBXFileReference section */

/* Begin PBXFrameworksBuildPhase section */
		7B8D58ED2A3AAB2F008FA6B4 /* Frameworks */ = {
			isa = PBXFrameworksBuildPhase;
			buildActionMask = 2147483647;
			files = (
				7B8D59272A3AB657008FA6B4 /* SwiftMessages in Frameworks */,
				7B8D592A2A3AB6A4008FA6B4 /* Lottie in Frameworks */,
			);
			runOnlyForDeploymentPostprocessing = 0;
		};
/* End PBXFrameworksBuildPhase section */

/* Begin PBXGroup section */
		7B8D58E72A3AAB2F008FA6B4 = {
			isa = PBXGroup;
			children = (
				7B8D58F22A3AAB2F008FA6B4 /* TestTS4 */,
				7B8D58F12A3AAB2F008FA6B4 /* Products */,
			);
			sourceTree = "<group>";
		};
		7B8D58F12A3AAB2F008FA6B4 /* Products */ = {
			isa = PBXGroup;
			children = (
				7B8D58F02A3AAB2F008FA6B4 /* TestTS4.app */,
			);
			name = Products;
			sourceTree = "<group>";
		};
		7B8D58F22A3AAB2F008FA6B4 /* TestTS4 */ = {
			isa = PBXGroup;
			children = (
				7B8D59332A3ACC20008FA6B4 /* Extension */,
				7B8D59302A3ABCBA008FA6B4 /* Connection */,
				7B8D59222A3AB4A8008FA6B4 /* Animations */,
				7B8D591D2A3AAEB9008FA6B4 /* Commons */,
				7B8D59072A3AACAC008FA6B4 /* Feature */,
				7B8D58F32A3AAB2F008FA6B4 /* AppDelegate.swift */,
				7B8D58F52A3AAB2F008FA6B4 /* SceneDelegate.swift */,
				7B8172C82A3C042B006E94E8 /* Color.xcassets */,
				7B8D58FC2A3AAB31008FA6B4 /* Assets.xcassets */,
				7B8D58FE2A3AAB31008FA6B4 /* LaunchScreen.storyboard */,
				7B8D59012A3AAB31008FA6B4 /* Info.plist */,
				7B8172CA2A3C0D38006E94E8 /* Localizable.strings */,
			);
			path = TestTS4;
			sourceTree = "<group>";
		};
		7B8D59072A3AACAC008FA6B4 /* Feature */ = {
			isa = PBXGroup;
			children = (
				7B8D59142A3AAD2C008FA6B4 /* Dogs */,
			);
			path = Feature;
			sourceTree = "<group>";
		};
		7B8D59142A3AAD2C008FA6B4 /* Dogs */ = {
			isa = PBXGroup;
			children = (
				7B8D591A2A3AAD74008FA6B4 /* Entity */,
				7B8D59192A3AAD6A008FA6B4 /* Protocol */,
				7B8D59182A3AAD63008FA6B4 /* Router */,
				7B8D59172A3AAD5C008FA6B4 /* Presenter */,
				7B8D59162A3AAD53008FA6B4 /* Interactor */,
				7B8D59152A3AAD4C008FA6B4 /* View */,
			);
			path = Dogs;
			sourceTree = "<group>";
		};
		7B8D59152A3AAD4C008FA6B4 /* View */ = {
			isa = PBXGroup;
			children = (
				7B8D59362A3ACF85008FA6B4 /* Cell */,
				7B8D591B2A3AAE0C008FA6B4 /* DogsView.xib */,
				7B8D590B2A3AAD23008FA6B4 /* DogsView.swift */,
			);
			path = View;
			sourceTree = "<group>";
		};
		7B8D59162A3AAD53008FA6B4 /* Interactor */ = {
			isa = PBXGroup;
			children = (
				7B8D590A2A3AAD23008FA6B4 /* DogsInteractor.swift */,
			);
			path = Interactor;
			sourceTree = "<group>";
		};
		7B8D59172A3AAD5C008FA6B4 /* Presenter */ = {
			isa = PBXGroup;
			children = (
				7B8D59082A3AAD23008FA6B4 /* DogsPresenter.swift */,
			);
			path = Presenter;
			sourceTree = "<group>";
		};
		7B8D59182A3AAD63008FA6B4 /* Router */ = {
			isa = PBXGroup;
			children = (
				7B8D59092A3AAD23008FA6B4 /* DogsRouter.swift */,
			);
			path = Router;
			sourceTree = "<group>";
		};
		7B8D59192A3AAD6A008FA6B4 /* Protocol */ = {
			isa = PBXGroup;
			children = (
				7B8D590C2A3AAD23008FA6B4 /* DogsProtocol.swift */,
			);
			path = Protocol;
			sourceTree = "<group>";
		};
		7B8D591A2A3AAD74008FA6B4 /* Entity */ = {
			isa = PBXGroup;
			children = (
				7B8D590D2A3AAD23008FA6B4 /* DogsEntity.swift */,
			);
			path = Entity;
			sourceTree = "<group>";
		};
		7B8D591D2A3AAEB9008FA6B4 /* Commons */ = {
			isa = PBXGroup;
			children = (
				7B8D591E2A3AAECA008FA6B4 /* BaseController.swift */,
				7B8D59202A3AB340008FA6B4 /* ProgressViewCustom.swift */,
				7B8D592E2A3AB7C8008FA6B4 /* SwiftMessageCustom.swift */,
				7B8D593B2A3AD11B008FA6B4 /* ImageLoader.swift */,
			);
			path = Commons;
			sourceTree = "<group>";
		};
		7B8D59222A3AB4A8008FA6B4 /* Animations */ = {
			isa = PBXGroup;
			children = (
				7B8D59232A3AB4C8008FA6B4 /* loader.json */,
			);
			path = Animations;
			sourceTree = "<group>";
		};
		7B8D59302A3ABCBA008FA6B4 /* Connection */ = {
			isa = PBXGroup;
			children = (
				7B8D59312A3ABD07008FA6B4 /* Connection.swift */,
			);
			path = Connection;
			sourceTree = "<group>";
		};
		7B8D59332A3ACC20008FA6B4 /* Extension */ = {
			isa = PBXGroup;
			children = (
				7B8D59342A3ACC36008FA6B4 /* UserDefaults.swift */,
				7B8D593D2A3AD13E008FA6B4 /* UITableViewCell.swift */,
				7B8D593F2A3AD152008FA6B4 /* String.swift */,
				7B8D59412A3AD1B8008FA6B4 /* UIView.swift */,
			);
			path = Extension;
			sourceTree = "<group>";
		};
		7B8D59362A3ACF85008FA6B4 /* Cell */ = {
			isa = PBXGroup;
			children = (
				7B8D59382A3ACFB3008FA6B4 /* DogCell.swift */,
				7B8D59372A3ACFB3008FA6B4 /* DogCell.xib */,
			);
			path = Cell;
			sourceTree = "<group>";
		};
/* End PBXGroup section */

/* Begin PBXNativeTarget section */
		7B8D58EF2A3AAB2F008FA6B4 /* TestTS4 */ = {
			isa = PBXNativeTarget;
			buildConfigurationList = 7B8D59042A3AAB31008FA6B4 /* Build configuration list for PBXNativeTarget "TestTS4" */;
			buildPhases = (
				7B8D58EC2A3AAB2F008FA6B4 /* Sources */,
				7B8D58ED2A3AAB2F008FA6B4 /* Frameworks */,
				7B8D58EE2A3AAB2F008FA6B4 /* Resources */,
			);
			buildRules = (
			);
			dependencies = (
			);
			name = TestTS4;
			packageProductDependencies = (
				7B8D59262A3AB657008FA6B4 /* SwiftMessages */,
				7B8D59292A3AB6A4008FA6B4 /* Lottie */,
			);
			productName = TestTS4;
			productReference = 7B8D58F02A3AAB2F008FA6B4 /* TestTS4.app */;
			productType = "com.apple.product-type.application";
		};
/* End PBXNativeTarget section */

/* Begin PBXProject section */
		7B8D58E82A3AAB2F008FA6B4 /* Project object */ = {
			isa = PBXProject;
			attributes = {
				BuildIndependentTargetsInParallel = 1;
				LastSwiftUpdateCheck = 1420;
				LastUpgradeCheck = 1420;
				TargetAttributes = {
					7B8D58EF2A3AAB2F008FA6B4 = {
						CreatedOnToolsVersion = 14.2;
					};
				};
			};
			buildConfigurationList = 7B8D58EB2A3AAB2F008FA6B4 /* Build configuration list for PBXProject "TestTS4" */;
			compatibilityVersion = "Xcode 14.0";
			developmentRegion = en;
			hasScannedForEncodings = 0;
			knownRegions = (
				en,
				Base,
			);
			mainGroup = 7B8D58E72A3AAB2F008FA6B4;
			packageReferences = (
				7B8D59252A3AB657008FA6B4 /* XCRemoteSwiftPackageReference "SwiftMessages" */,
				7B8D59282A3AB6A4008FA6B4 /* XCRemoteSwiftPackageReference "lottie-ios" */,
			);
			productRefGroup = 7B8D58F12A3AAB2F008FA6B4 /* Products */;
			projectDirPath = "";
			projectRoot = "";
			targets = (
				7B8D58EF2A3AAB2F008FA6B4 /* TestTS4 */,
			);
		};
/* End PBXProject section */

/* Begin PBXResourcesBuildPhase section */
		7B8D58EE2A3AAB2F008FA6B4 /* Resources */ = {
			isa = PBXResourcesBuildPhase;
			buildActionMask = 2147483647;
			files = (
				7B8D591C2A3AAE0C008FA6B4 /* DogsView.xib in Resources */,
				7B8D59432A3AD41E008FA6B4 /* DogCell.xib in Resources */,
				7B8D59002A3AAB31008FA6B4 /* LaunchScreen.storyboard in Resources */,
				7B8172CB2A3C0D38006E94E8 /* Localizable.strings in Resources */,
				7B8D59242A3AB4C8008FA6B4 /* loader.json in Resources */,
				7B8D58FD2A3AAB31008FA6B4 /* Assets.xcassets in Resources */,
				7B8172C92A3C042B006E94E8 /* Color.xcassets in Resources */,
			);
			runOnlyForDeploymentPostprocessing = 0;
		};
/* End PBXResourcesBuildPhase section */

/* Begin PBXSourcesBuildPhase section */
		7B8D58EC2A3AAB2F008FA6B4 /* Sources */ = {
			isa = PBXSourcesBuildPhase;
			buildActionMask = 2147483647;
			files = (
				7B8D59322A3ABD07008FA6B4 /* Connection.swift in Sources */,
				7B8D59112A3AAD23008FA6B4 /* DogsView.swift in Sources */,
				7B8D591F2A3AAECA008FA6B4 /* BaseController.swift in Sources */,
				7B8D58F42A3AAB2F008FA6B4 /* AppDelegate.swift in Sources */,
				7B8D58F62A3AAB2F008FA6B4 /* SceneDelegate.swift in Sources */,
				7B8D593C2A3AD11B008FA6B4 /* ImageLoader.swift in Sources */,
				7B8D59122A3AAD23008FA6B4 /* DogsProtocol.swift in Sources */,
				7B8D590F2A3AAD23008FA6B4 /* DogsRouter.swift in Sources */,
				7B8D593A2A3ACFB3008FA6B4 /* DogCell.swift in Sources */,
				7B8D59132A3AAD23008FA6B4 /* DogsEntity.swift in Sources */,
				7B8D592F2A3AB7C8008FA6B4 /* SwiftMessageCustom.swift in Sources */,
				7B8D59402A3AD152008FA6B4 /* String.swift in Sources */,
				7B8D59422A3AD1B8008FA6B4 /* UIView.swift in Sources */,
				7B8D590E2A3AAD23008FA6B4 /* DogsPresenter.swift in Sources */,
				7B8D59102A3AAD23008FA6B4 /* DogsInteractor.swift in Sources */,
				7B8D59352A3ACC36008FA6B4 /* UserDefaults.swift in Sources */,
				7B8D59212A3AB340008FA6B4 /* ProgressViewCustom.swift in Sources */,
				7B8D593E2A3AD13E008FA6B4 /* UITableViewCell.swift in Sources */,
			);
			runOnlyForDeploymentPostprocessing = 0;
		};
/* End PBXSourcesBuildPhase section */

/* Begin PBXVariantGroup section */
		7B8D58FE2A3AAB31008FA6B4 /* LaunchScreen.storyboard */ = {
			isa = PBXVariantGroup;
			children = (
				7B8D58FF2A3AAB31008FA6B4 /* Base */,
			);
			name = LaunchScreen.storyboard;
			sourceTree = "<group>";
		};
/* End PBXVariantGroup section */

/* Begin XCBuildConfiguration section */
		7B8D59022A3AAB31008FA6B4 /* Debug */ = {
			isa = XCBuildConfiguration;
			buildSettings = {
				ALWAYS_SEARCH_USER_PATHS = NO;
				CLANG_ANALYZER_NONNULL = YES;
				CLANG_ANALYZER_NUMBER_OBJECT_CONVERSION = YES_AGGRESSIVE;
				CLANG_CXX_LANGUAGE_STANDARD = "gnu++20";
				CLANG_ENABLE_MODULES = YES;
				CLANG_ENABLE_OBJC_ARC = YES;
				CLANG_ENABLE_OBJC_WEAK = YES;
				CLANG_WARN_BLOCK_CAPTURE_AUTORELEASING = YES;
				CLANG_WARN_BOOL_CONVERSION = YES;
				CLANG_WARN_COMMA = YES;
				CLANG_WARN_CONSTANT_CONVERSION = YES;
				CLANG_WARN_DEPRECATED_OBJC_IMPLEMENTATIONS = YES;
				CLANG_WARN_DIRECT_OBJC_ISA_USAGE = YES_ERROR;
				CLANG_WARN_DOCUMENTATION_COMMENTS = YES;
				CLANG_WARN_EMPTY_BODY = YES;
				CLANG_WARN_ENUM_CONVERSION = YES;
				CLANG_WARN_INFINITE_RECURSION = YES;
				CLANG_WARN_INT_CONVERSION = YES;
				CLANG_WARN_NON_LITERAL_NULL_CONVERSION = YES;
				CLANG_WARN_OBJC_IMPLICIT_RETAIN_SELF = YES;
				CLANG_WARN_OBJC_LITERAL_CONVERSION = YES;
				CLANG_WARN_OBJC_ROOT_CLASS = YES_ERROR;
				CLANG_WARN_QUOTED_INCLUDE_IN_FRAMEWORK_HEADER = YES;
				CLANG_WARN_RANGE_LOOP_ANALYSIS = YES;
				CLANG_WARN_STRICT_PROTOTYPES = YES;
				CLANG_WARN_SUSPICIOUS_MOVE = YES;
				CLANG_WARN_UNGUARDED_AVAILABILITY = YES_AGGRESSIVE;
				CLANG_WARN_UNREACHABLE_CODE = YES;
				CLANG_WARN__DUPLICATE_METHOD_MATCH = YES;
				COPY_PHASE_STRIP = NO;
				DEBUG_INFORMATION_FORMAT = dwarf;
				ENABLE_STRICT_OBJC_MSGSEND = YES;
				ENABLE_TESTABILITY = YES;
				GCC_C_LANGUAGE_STANDARD = gnu11;
				GCC_DYNAMIC_NO_PIC = NO;
				GCC_NO_COMMON_BLOCKS = YES;
				GCC_OPTIMIZATION_LEVEL = 0;
				GCC_PREPROCESSOR_DEFINITIONS = (
					"DEBUG=1",
					"$(inherited)",
				);
				GCC_WARN_64_TO_32_BIT_CONVERSION = YES;
				GCC_WARN_ABOUT_RETURN_TYPE = YES_ERROR;
				GCC_WARN_UNDECLARED_SELECTOR = YES;
				GCC_WARN_UNINITIALIZED_AUTOS = YES_AGGRESSIVE;
				GCC_WARN_UNUSED_FUNCTION = YES;
				GCC_WARN_UNUSED_VARIABLE = YES;
				IPHONEOS_DEPLOYMENT_TARGET = 14.0;
				MTL_ENABLE_DEBUG_INFO = INCLUDE_SOURCE;
				MTL_FAST_MATH = YES;
				ONLY_ACTIVE_ARCH = YES;
				SDKROOT = iphoneos;
				SWIFT_ACTIVE_COMPILATION_CONDITIONS = DEBUG;
				SWIFT_OPTIMIZATION_LEVEL = "-Onone";
			};
			name = Debug;
		};
		7B8D59032A3AAB31008FA6B4 /* Release */ = {
			isa = XCBuildConfiguration;
			buildSettings = {
				ALWAYS_SEARCH_USER_PATHS = NO;
				CLANG_ANALYZER_NONNULL = YES;
				CLANG_ANALYZER_NUMBER_OBJECT_CONVERSION = YES_AGGRESSIVE;
				CLANG_CXX_LANGUAGE_STANDARD = "gnu++20";
				CLANG_ENABLE_MODULES = YES;
				CLANG_ENABLE_OBJC_ARC = YES;
				CLANG_ENABLE_OBJC_WEAK = YES;
				CLANG_WARN_BLOCK_CAPTURE_AUTORELEASING = YES;
				CLANG_WARN_BOOL_CONVERSION = YES;
				CLANG_WARN_COMMA = YES;
				CLANG_WARN_CONSTANT_CONVERSION = YES;
				CLANG_WARN_DEPRECATED_OBJC_IMPLEMENTATIONS = YES;
				CLANG_WARN_DIRECT_OBJC_ISA_USAGE = YES_ERROR;
				CLANG_WARN_DOCUMENTATION_COMMENTS = YES;
				CLANG_WARN_EMPTY_BODY = YES;
				CLANG_WARN_ENUM_CONVERSION = YES;
				CLANG_WARN_INFINITE_RECURSION = YES;
				CLANG_WARN_INT_CONVERSION = YES;
				CLANG_WARN_NON_LITERAL_NULL_CONVERSION = YES;
				CLANG_WARN_OBJC_IMPLICIT_RETAIN_SELF = YES;
				CLANG_WARN_OBJC_LITERAL_CONVERSION = YES;
				CLANG_WARN_OBJC_ROOT_CLASS = YES_ERROR;
				CLANG_WARN_QUOTED_INCLUDE_IN_FRAMEWORK_HEADER = YES;
				CLANG_WARN_RANGE_LOOP_ANALYSIS = YES;
				CLANG_WARN_STRICT_PROTOTYPES = YES;
				CLANG_WARN_SUSPICIOUS_MOVE = YES;
				CLANG_WARN_UNGUARDED_AVAILABILITY = YES_AGGRESSIVE;
				CLANG_WARN_UNREACHABLE_CODE = YES;
				CLANG_WARN__DUPLICATE_METHOD_MATCH = YES;
				COPY_PHASE_STRIP = NO;
				DEBUG_INFORMATION_FORMAT = "dwarf-with-dsym";
				ENABLE_NS_ASSERTIONS = NO;
				ENABLE_STRICT_OBJC_MSGSEND = YES;
				GCC_C_LANGUAGE_STANDARD = gnu11;
				GCC_NO_COMMON_BLOCKS = YES;
				GCC_WARN_64_TO_32_BIT_CONVERSION = YES;
				GCC_WARN_ABOUT_RETURN_TYPE = YES_ERROR;
				GCC_WARN_UNDECLARED_SELECTOR = YES;
				GCC_WARN_UNINITIALIZED_AUTOS = YES_AGGRESSIVE;
				GCC_WARN_UNUSED_FUNCTION = YES;
				GCC_WARN_UNUSED_VARIABLE = YES;
				IPHONEOS_DEPLOYMENT_TARGET = 14.0;
				MTL_ENABLE_DEBUG_INFO = NO;
				MTL_FAST_MATH = YES;
				SDKROOT = iphoneos;
				SWIFT_COMPILATION_MODE = wholemodule;
				SWIFT_OPTIMIZATION_LEVEL = "-O";
				VALIDATE_PRODUCT = YES;
			};
			name = Release;
		};
		7B8D59052A3AAB31008FA6B4 /* Debug */ = {
			isa = XCBuildConfiguration;
			buildSettings = {
				ASSETCATALOG_COMPILER_APPICON_NAME = AppIcon;
				ASSETCATALOG_COMPILER_GLOBAL_ACCENT_COLOR_NAME = AccentColor;
				CODE_SIGN_STYLE = Automatic;
				CURRENT_PROJECT_VERSION = 1;
				DEVELOPMENT_TEAM = HUUCZRD5H3;
				GENERATE_INFOPLIST_FILE = YES;
				INFOPLIST_FILE = TestTS4/Info.plist;
				INFOPLIST_KEY_UIApplicationSupportsIndirectInputEvents = YES;
				INFOPLIST_KEY_UILaunchStoryboardName = LaunchScreen;
				INFOPLIST_KEY_UISupportedInterfaceOrientations_iPad = "UIInterfaceOrientationPortrait UIInterfaceOrientationPortraitUpsideDown UIInterfaceOrientationLandscapeLeft UIInterfaceOrientationLandscapeRight";
				INFOPLIST_KEY_UISupportedInterfaceOrientations_iPhone = "UIInterfaceOrientationPortrait UIInterfaceOrientationLandscapeLeft UIInterfaceOrientationLandscapeRight";
				LD_RUNPATH_SEARCH_PATHS = (
					"$(inherited)",
					"@executable_path/Frameworks",
				);
				MARKETING_VERSION = 1.0;
				PRODUCT_BUNDLE_IDENTIFIER = JulioTorres.TestTS4;
				PRODUCT_NAME = "$(TARGET_NAME)";
				SWIFT_EMIT_LOC_STRINGS = YES;
				SWIFT_VERSION = 5.0;
				TARGETED_DEVICE_FAMILY = "1,2";
			};
			name = Debug;
		};
		7B8D59062A3AAB31008FA6B4 /* Release */ = {
			isa = XCBuildConfiguration;
			buildSettings = {
				ASSETCATALOG_COMPILER_APPICON_NAME = AppIcon;
				ASSETCATALOG_COMPILER_GLOBAL_ACCENT_COLOR_NAME = AccentColor;
				CODE_SIGN_STYLE = Automatic;
				CURRENT_PROJECT_VERSION = 1;
				DEVELOPMENT_TEAM = HUUCZRD5H3;
				GENERATE_INFOPLIST_FILE = YES;
				INFOPLIST_FILE = TestTS4/Info.plist;
				INFOPLIST_KEY_UIApplicationSupportsIndirectInputEvents = YES;
				INFOPLIST_KEY_UILaunchStoryboardName = LaunchScreen;
				INFOPLIST_KEY_UISupportedInterfaceOrientations_iPad = "UIInterfaceOrientationPortrait UIInterfaceOrientationPortraitUpsideDown UIInterfaceOrientationLandscapeLeft UIInterfaceOrientationLandscapeRight";
				INFOPLIST_KEY_UISupportedInterfaceOrientations_iPhone = "UIInterfaceOrientationPortrait UIInterfaceOrientationLandscapeLeft UIInterfaceOrientationLandscapeRight";
				LD_RUNPATH_SEARCH_PATHS = (
					"$(inherited)",
					"@executable_path/Frameworks",
				);
				MARKETING_VERSION = 1.0;
				PRODUCT_BUNDLE_IDENTIFIER = JulioTorres.TestTS4;
				PRODUCT_NAME = "$(TARGET_NAME)";
				SWIFT_EMIT_LOC_STRINGS = YES;
				SWIFT_VERSION = 5.0;
				TARGETED_DEVICE_FAMILY = "1,2";
			};
			name = Release;
		};
/* End XCBuildConfiguration section */

/* Begin XCConfigurationList section */
		7B8D58EB2A3AAB2F008FA6B4 /* Build configuration list for PBXProject "TestTS4" */ = {
			isa = XCConfigurationList;
			buildConfigurations = (
				7B8D59022A3AAB31008FA6B4 /* Debug */,
				7B8D59032A3AAB31008FA6B4 /* Release */,
			);
			defaultConfigurationIsVisible = 0;
			defaultConfigurationName = Release;
		};
		7B8D59042A3AAB31008FA6B4 /* Build configuration list for PBXNativeTarget "TestTS4" */ = {
			isa = XCConfigurationList;
			buildConfigurations = (
				7B8D59052A3AAB31008FA6B4 /* Debug */,
				7B8D59062A3AAB31008FA6B4 /* Release */,
			);
			defaultConfigurationIsVisible = 0;
			defaultConfigurationName = Release;
		};
/* End XCConfigurationList section */

/* Begin XCRemoteSwiftPackageReference section */
		7B8D59252A3AB657008FA6B4 /* XCRemoteSwiftPackageReference "SwiftMessages" */ = {
			isa = XCRemoteSwiftPackageReference;
			repositoryURL = "https://github.com/SwiftKickMobile/SwiftMessages";
			requirement = {
				branch = master;
				kind = branch;
			};
		};
		7B8D59282A3AB6A4008FA6B4 /* XCRemoteSwiftPackageReference "lottie-ios" */ = {
			isa = XCRemoteSwiftPackageReference;
			repositoryURL = "https://github.com/airbnb/lottie-ios";
			requirement = {
				branch = master;
				kind = branch;
			};
		};
/* End XCRemoteSwiftPackageReference section */

/* Begin XCSwiftPackageProductDependency section */
		7B8D59262A3AB657008FA6B4 /* SwiftMessages */ = {
			isa = XCSwiftPackageProductDependency;
			package = 7B8D59252A3AB657008FA6B4 /* XCRemoteSwiftPackageReference "SwiftMessages" */;
			productName = SwiftMessages;
		};
		7B8D59292A3AB6A4008FA6B4 /* Lottie */ = {
			isa = XCSwiftPackageProductDependency;
			package = 7B8D59282A3AB6A4008FA6B4 /* XCRemoteSwiftPackageReference "lottie-ios" */;
			productName = Lottie;
		};
/* End XCSwiftPackageProductDependency section */
	};
	rootObject = 7B8D58E82A3AAB2F008FA6B4 /* Project object */;
}
